github.com/bitrise-io/go-utils/v2 v2.0.0-alpha.19 h1:55as5Iv0N4btuRP3YwRzN+BCMtKO210MnJ8mpxmeI7o=
github.com/bitrise-io/go-utils/v2 v2.0.0-alpha.19/go.mod h1:Laih4ji980SQkRgdnMCH0g4u2GZI/5nnbqmYT9UfKFQ=
github.com/bitrise-io/go-utils/v2 v2.0.0-alpha.23 h1:Dfh4nyZPuEtilBisidejqxBrkx9cWvbOUrpq8VEION0=
github.com/bitrise-io/go-utils/v2 v2.0.0-alpha.23/go.mod h1:3XUplo0dOWc3DqT2XA2SeHToDSg7+j1y1HTHibT2H68=
github.com/davecgh/go-spew v1.1.1 h1:vj9j/u1bqnvCEfJOwUhtlOARqs3+rkHYY13jYWTU97c=
github.com/pmezard/go-difflib v1.0.0 h1:4DBwDE0NGyQoBHbLQYPwSUPoCMWR5BEzIk/f1lZbAQM=
github.com/stretchr/testify v1.8.1 h1:w7B6lhMri9wdJUVmEZPGGhZzrYTPvgJArz7wNPgYKsk=
github.com/stretchr/testify v1.9.0 h1:HtqpIVDClZ4nwg75+f6Lvsy/wHu+3BoSGCbBAcpTsTg=
gopkg.in/yaml.v3 v3.0.1 h1:fxVm/GzAzEWqLHuvctI91KS9hhNmmWOoWu0XTYJS7CA=
